// !$*UTF8*$!
{
	archiveVersion = 1;
	classes = {
	};
	objectVersion = 50;
	objects = {

/* Begin PBXBuildFile section */
		07E7F5FB21CCE1BD00081E0D /* AppDelegate.swift in Sources */ = {isa = PBXBuildFile; fileRef = 07E7F5FA21CCE1BD00081E0D /* AppDelegate.swift */; };
		07E7F5FD21CCE1BD00081E0D /* ViewController.swift in Sources */ = {isa = PBXBuildFile; fileRef = 07E7F5FC21CCE1BD00081E0D /* ViewController.swift */; };
		07E7F60021CCE1BD00081E0D /* Main.storyboard in Resources */ = {isa = PBXBuildFile; fileRef = 07E7F5FE21CCE1BD00081E0D /* Main.storyboard */; };
		07E7F60221CCE1BE00081E0D /* Assets.xcassets in Resources */ = {isa = PBXBuildFile; fileRef = 07E7F60121CCE1BE00081E0D /* Assets.xcassets */; };
		07E7F60521CCE1BE00081E0D /* LaunchScreen.storyboard in Resources */ = {isa = PBXBuildFile; fileRef = 07E7F60321CCE1BE00081E0D /* LaunchScreen.storyboard */; };
		07E7F61021CCE1BF00081E0D /* temoTests.swift in Sources */ = {isa = PBXBuildFile; fileRef = 07E7F60F21CCE1BF00081E0D /* temoTests.swift */; };
		07E7F61B21CCE1BF00081E0D /* temoUITests.swift in Sources */ = {isa = PBXBuildFile; fileRef = 07E7F61A21CCE1BF00081E0D /* temoUITests.swift */; };
/* End PBXBuildFile section */

/* Begin PBXContainerItemProxy section */
		07E7F60C21CCE1BF00081E0D /* PBXContainerItemProxy */ = {
			isa = PBXContainerItemProxy;
			containerPortal = 07E7F5EF21CCE1BD00081E0D /* Project object */;
			proxyType = 1;
			remoteGlobalIDString = 07E7F5F621CCE1BD00081E0D;
			remoteInfo = temo;
		};
		07E7F61721CCE1BF00081E0D /* PBXContainerItemProxy */ = {
			isa = PBXContainerItemProxy;
			containerPortal = 07E7F5EF21CCE1BD00081E0D /* Project object */;
			proxyType = 1;
			remoteGlobalIDString = 07E7F5F621CCE1BD00081E0D;
			remoteInfo = temo;
		};
/* End PBXContainerItemProxy section */

/* Begin PBXFileReference section */
		07E7F5F721CCE1BD00081E0D /* temo.app */ = {isa = PBXFileReference; explicitFileType = wrapper.application; includeInIndex = 0; path = temo.app; sourceTree = BUILT_PRODUCTS_DIR; };
		07E7F5FA21CCE1BD00081E0D /* AppDelegate.swift */ = {isa = PBXFileReference; lastKnownFileType = sourcecode.swift; path = AppDelegate.swift; sourceTree = "<group>"; };
		07E7F5FC21CCE1BD00081E0D /* ViewController.swift */ = {isa = PBXFileReference; lastKnownFileType = sourcecode.swift; path = ViewController.swift; sourceTree = "<group>"; };
		07E7F5FF21CCE1BD00081E0D /* Base */ = {isa = PBXFileReference; lastKnownFileType = file.storyboard; name = Base; path = Base.lproj/Main.storyboard; sourceTree = "<group>"; };
		07E7F60121CCE1BE00081E0D /* Assets.xcassets */ = {isa = PBXFileReference; lastKnownFileType = folder.assetcatalog; path = Assets.xcassets; sourceTree = "<group>"; };
		07E7F60421CCE1BE00081E0D /* Base */ = {isa = PBXFileReference; lastKnownFileType = file.storyboard; name = Base; path = Base.lproj/LaunchScreen.storyboard; sourceTree = "<group>"; };
		07E7F60621CCE1BE00081E0D /* Info.plist */ = {isa = PBXFileReference; lastKnownFileType = text.plist.xml; path = Info.plist; sourceTree = "<group>"; };
		07E7F60B21CCE1BF00081E0D /* temoTests.xctest */ = {isa = PBXFileReference; explicitFileType = wrapper.cfbundle; includeInIndex = 0; path = temoTests.xctest; sourceTree = BUILT_PRODUCTS_DIR; };
		07E7F60F21CCE1BF00081E0D /* temoTests.swift */ = {isa = PBXFileReference; lastKnownFileType = sourcecode.swift; path = temoTests.swift; sourceTree = "<group>"; };
		07E7F61121CCE1BF00081E0D /* Info.plist */ = {isa = PBXFileReference; lastKnownFileType = text.plist.xml; path = Info.plist; sourceTree = "<group>"; };
		07E7F61621CCE1BF00081E0D /* temoUITests.xctest */ = {isa = PBXFileReference; explicitFileType = wrapper.cfbundle; includeInIndex = 0; path = temoUITests.xctest; sourceTree = BUILT_PRODUCTS_DIR; };
		07E7F61A21CCE1BF00081E0D /* temoUITests.swift */ = {isa = PBXFileReference; lastKnownFileType = sourcecode.swift; path = temoUITests.swift; sourceTree = "<group>"; };
		07E7F61C21CCE1BF00081E0D /* Info.plist */ = {isa = PBXFileReference; lastKnownFileType = text.plist.xml; path = Info.plist; sourceTree = "<group>"; };
/* End PBXFileReference section */

/* Begin PBXFrameworksBuildPhase section */
		07E7F5F421CCE1BD00081E0D /* Frameworks */ = {
			isa = PBXFrameworksBuildPhase;
			buildActionMask = 2147483647;
			files = (
			);
			runOnlyForDeploymentPostprocessing = 0;
		};
		07E7F60821CCE1BF00081E0D /* Frameworks */ = {
			isa = PBXFrameworksBuildPhase;
			buildActionMask = 2147483647;
			files = (
			);
			runOnlyForDeploymentPostprocessing = 0;
		};
		07E7F61321CCE1BF00081E0D /* Frameworks */ = {
			isa = PBXFrameworksBuildPhase;
			buildActionMask = 2147483647;
			files = (
			);
			runOnlyForDeploymentPostprocessing = 0;
		};
/* End PBXFrameworksBuildPhase section */

/* Begin PBXGroup section */
		07E7F5EE21CCE1BD00081E0D = {
			isa = PBXGroup;
			children = (
				07E7F5F921CCE1BD00081E0D /* temo */,
				07E7F60E21CCE1BF00081E0D /* temoTests */,
				07E7F61921CCE1BF00081E0D /* temoUITests */,
				07E7F5F821CCE1BD00081E0D /* Products */,
			);
			sourceTree = "<group>";
		};
		07E7F5F821CCE1BD00081E0D /* Products */ = {
			isa = PBXGroup;
			children = (
				07E7F5F721CCE1BD00081E0D /* temo.app */,
				07E7F60B21CCE1BF00081E0D /* temoTests.xctest */,
				07E7F61621CCE1BF00081E0D /* temoUITests.xctest */,
			);
			name = Products;
			sourceTree = "<group>";
		};
		07E7F5F921CCE1BD00081E0D /* temo */ = {
			isa = PBXGroup;
			children = (
				07E7F5FA21CCE1BD00081E0D /* AppDelegate.swift */,
				07E7F5FC21CCE1BD00081E0D /* ViewController.swift */,
				07E7F5FE21CCE1BD00081E0D /* Main.storyboard */,
				07E7F60121CCE1BE00081E0D /* Assets.xcassets */,
				07E7F60321CCE1BE00081E0D /* LaunchScreen.storyboard */,
				07E7F60621CCE1BE00081E0D /* Info.plist */,
			);
			path = temo;
			sourceTree = "<group>";
		};
		07E7F60E21CCE1BF00081E0D /* temoTests */ = {
			isa = PBXGroup;
			children = (
				07E7F60F21CCE1BF00081E0D /* temoTests.swift */,
				07E7F61121CCE1BF00081E0D /* Info.plist */,
			);
			path = temoTests;
			sourceTree = "<group>";
		};
		07E7F61921CCE1BF00081E0D /* temoUITests */ = {
			isa = PBXGroup;
			children = (
				07E7F61A21CCE1BF00081E0D /* temoUITests.swift */,
				07E7F61C21CCE1BF00081E0D /* Info.plist */,
			);
			path = temoUITests;
			sourceTree = "<group>";
		};
/* End PBXGroup section */

/* Begin PBXNativeTarget section */
		07E7F5F621CCE1BD00081E0D /* temo */ = {
			isa = PBXNativeTarget;
			buildConfigurationList = 07E7F61F21CCE1BF00081E0D /* Build configuration list for PBXNativeTarget "temo" */;
			buildPhases = (
				07E7F5F321CCE1BD00081E0D /* Sources */,
				07E7F5F421CCE1BD00081E0D /* Frameworks */,
				07E7F5F521CCE1BD00081E0D /* Resources */,
			);
			buildRules = (
			);
			dependencies = (
			);
			name = temo;
			productName = temo;
			productReference = 07E7F5F721CCE1BD00081E0D /* temo.app */;
			productType = "com.apple.product-type.application";
		};
		07E7F60A21CCE1BF00081E0D /* temoTests */ = {
			isa = PBXNativeTarget;
			buildConfigurationList = 07E7F62221CCE1BF00081E0D /* Build configuration list for PBXNativeTarget "temoTests" */;
			buildPhases = (
				07E7F60721CCE1BF00081E0D /* Sources */,
				07E7F60821CCE1BF00081E0D /* Frameworks */,
				07E7F60921CCE1BF00081E0D /* Resources */,
			);
			buildRules = (
			);
			dependencies = (
				07E7F60D21CCE1BF00081E0D /* PBXTargetDependency */,
			);
			name = temoTests;
			productName = temoTests;
			productReference = 07E7F60B21CCE1BF00081E0D /* temoTests.xctest */;
			productType = "com.apple.product-type.bundle.unit-test";
		};
		07E7F61521CCE1BF00081E0D /* temoUITests */ = {
			isa = PBXNativeTarget;
			buildConfigurationList = 07E7F62521CCE1BF00081E0D /* Build configuration list for PBXNativeTarget "temoUITests" */;
			buildPhases = (
				07E7F61221CCE1BF00081E0D /* Sources */,
				07E7F61321CCE1BF00081E0D /* Frameworks */,
				07E7F61421CCE1BF00081E0D /* Resources */,
			);
			buildRules = (
			);
			dependencies = (
				07E7F61821CCE1BF00081E0D /* PBXTargetDependency */,
			);
			name = temoUITests;
			productName = temoUITests;
			productReference = 07E7F61621CCE1BF00081E0D /* temoUITests.xctest */;
			productType = "com.apple.product-type.bundle.ui-testing";
		};
/* End PBXNativeTarget section */

/* Begin PBXProject section */
		07E7F5EF21CCE1BD00081E0D /* Project object */ = {
			isa = PBXProject;
			attributes = {
				LastSwiftUpdateCheck = 1010;
				LastUpgradeCheck = 1010;
				ORGANIZATIONNAME = ymgn;
				TargetAttributes = {
					07E7F5F621CCE1BD00081E0D = {
						CreatedOnToolsVersion = 10.1;
					};
					07E7F60A21CCE1BF00081E0D = {
						CreatedOnToolsVersion = 10.1;
						TestTargetID = 07E7F5F621CCE1BD00081E0D;
					};
					07E7F61521CCE1BF00081E0D = {
						CreatedOnToolsVersion = 10.1;
						TestTargetID = 07E7F5F621CCE1BD00081E0D;
					};
				};
			};
			buildConfigurationList = 07E7F5F221CCE1BD00081E0D /* Build configuration list for PBXProject "temo" */;
			compatibilityVersion = "Xcode 9.3";
			developmentRegion = en;
			hasScannedForEncodings = 0;
			knownRegions = (
				en,
				Base,
			);
			mainGroup = 07E7F5EE21CCE1BD00081E0D;
			productRefGroup = 07E7F5F821CCE1BD00081E0D /* Products */;
			projectDirPath = "";
			projectRoot = "";
			targets = (
				07E7F5F621CCE1BD00081E0D /* temo */,
				07E7F60A21CCE1BF00081E0D /* temoTests */,
				07E7F61521CCE1BF00081E0D /* temoUITests */,
			);
		};
/* End PBXProject section */

/* Begin PBXResourcesBuildPhase section */
		07E7F5F521CCE1BD00081E0D /* Resources */ = {
			isa = PBXResourcesBuildPhase;
			buildActionMask = 2147483647;
			files = (
				07E7F60521CCE1BE00081E0D /* LaunchScreen.storyboard in Resources */,
				07E7F60221CCE1BE00081E0D /* Assets.xcassets in Resources */,
				07E7F60021CCE1BD00081E0D /* Main.storyboard in Resources */,
			);
			runOnlyForDeploymentPostprocessing = 0;
		};
		07E7F60921CCE1BF00081E0D /* Resources */ = {
			isa = PBXResourcesBuildPhase;
			buildActionMask = 2147483647;
			files = (
			);
			runOnlyForDeploymentPostprocessing = 0;
		};
		07E7F61421CCE1BF00081E0D /* Resources */ = {
			isa = PBXResourcesBuildPhase;
			buildActionMask = 2147483647;
			files = (
			);
			runOnlyForDeploymentPostprocessing = 0;
		};
/* End PBXResourcesBuildPhase section */

/* Begin PBXSourcesBuildPhase section */
		07E7F5F321CCE1BD00081E0D /* Sources */ = {
			isa = PBXSourcesBuildPhase;
			buildActionMask = 2147483647;
			files = (
				07E7F5FD21CCE1BD00081E0D /* ViewController.swift in Sources */,
				07E7F5FB21CCE1BD00081E0D /* AppDelegate.swift in Sources */,
			);
			runOnlyForDeploymentPostprocessing = 0;
		};
		07E7F60721CCE1BF00081E0D /* Sources */ = {
			isa = PBXSourcesBuildPhase;
			buildActionMask = 2147483647;
			files = (
				07E7F61021CCE1BF00081E0D /* temoTests.swift in Sources */,
			);
			runOnlyForDeploymentPostprocessing = 0;
		};
		07E7F61221CCE1BF00081E0D /* Sources */ = {
			isa = PBXSourcesBuildPhase;
			buildActionMask = 2147483647;
			files = (
				07E7F61B21CCE1BF00081E0D /* temoUITests.swift in Sources */,
			);
			runOnlyForDeploymentPostprocessing = 0;
		};
/* End PBXSourcesBuildPhase section */

/* Begin PBXTargetDependency section */
		07E7F60D21CCE1BF00081E0D /* PBXTargetDependency */ = {
			isa = PBXTargetDependency;
			target = 07E7F5F621CCE1BD00081E0D /* temo */;
			targetProxy = 07E7F60C21CCE1BF00081E0D /* PBXContainerItemProxy */;
		};
		07E7F61821CCE1BF00081E0D /* PBXTargetDependency */ = {
			isa = PBXTargetDependency;
			target = 07E7F5F621CCE1BD00081E0D /* temo */;
			targetProxy = 07E7F61721CCE1BF00081E0D /* PBXContainerItemProxy */;
		};
/* End PBXTargetDependency section */

/* Begin PBXVariantGroup section */
		07E7F5FE21CCE1BD00081E0D /* Main.storyboard */ = {
			isa = PBXVariantGroup;
			children = (
				07E7F5FF21CCE1BD00081E0D /* Base */,
			);
			name = Main.storyboard;
			sourceTree = "<group>";
		};
		07E7F60321CCE1BE00081E0D /* LaunchScreen.storyboard */ = {
			isa = PBXVariantGroup;
			children = (
				07E7F60421CCE1BE00081E0D /* Base */,
			);
			name = LaunchScreen.storyboard;
			sourceTree = "<group>";
		};
/* End PBXVariantGroup section */

/* Begin XCBuildConfiguration section */
		07E7F61D21CCE1BF00081E0D /* Debug */ = {
			isa = XCBuildConfiguration;
			buildSettings = {
				ALWAYS_SEARCH_USER_PATHS = NO;
				CLANG_ANALYZER_NONNULL = YES;
				CLANG_ANALYZER_NUMBER_OBJECT_CONVERSION = YES_AGGRESSIVE;
				CLANG_CXX_LANGUAGE_STANDARD = "gnu++14";
				CLANG_CXX_LIBRARY = "libc++";
				CLANG_ENABLE_MODULES = YES;
				CLANG_ENABLE_OBJC_ARC = YES;
				CLANG_ENABLE_OBJC_WEAK = YES;
				CLANG_WARN_BLOCK_CAPTURE_AUTORELEASING = YES;
				CLANG_WARN_BOOL_CONVERSION = YES;
				CLANG_WARN_COMMA = YES;
				CLANG_WARN_CONSTANT_CONVERSION = YES;
				CLANG_WARN_DEPRECATED_OBJC_IMPLEMENTATIONS = YES;
				CLANG_WARN_DIRECT_OBJC_ISA_USAGE = YES_ERROR;
				CLANG_WARN_DOCUMENTATION_COMMENTS = YES;
				CLANG_WARN_EMPTY_BODY = YES;
				CLANG_WARN_ENUM_CONVERSION = YES;
				CLANG_WARN_INFINITE_RECURSION = YES;
				CLANG_WARN_INT_CONVERSION = YES;
				CLANG_WARN_NON_LITERAL_NULL_CONVERSION = YES;
				CLANG_WARN_OBJC_IMPLICIT_RETAIN_SELF = YES;
				CLANG_WARN_OBJC_LITERAL_CONVERSION = YES;
				CLANG_WARN_OBJC_ROOT_CLASS = YES_ERROR;
				CLANG_WARN_RANGE_LOOP_ANALYSIS = YES;
				CLANG_WARN_STRICT_PROTOTYPES = YES;
				CLANG_WARN_SUSPICIOUS_MOVE = YES;
				CLANG_WARN_UNGUARDED_AVAILABILITY = YES_AGGRESSIVE;
				CLANG_WARN_UNREACHABLE_CODE = YES;
				CLANG_WARN__DUPLICATE_METHOD_MATCH = YES;
				CODE_SIGN_IDENTITY = "iPhone Developer";
				COPY_PHASE_STRIP = NO;
				DEBUG_INFORMATION_FORMAT = dwarf;
				ENABLE_STRICT_OBJC_MSGSEND = YES;
				ENABLE_TESTABILITY = YES;
				GCC_C_LANGUAGE_STANDARD = gnu11;
				GCC_DYNAMIC_NO_PIC = NO;
				GCC_NO_COMMON_BLOCKS = YES;
				GCC_OPTIMIZATION_LEVEL = 0;
				GCC_PREPROCESSOR_DEFINITIONS = (
					"DEBUG=1",
					"$(inherited)",
				);
				GCC_WARN_64_TO_32_BIT_CONVERSION = YES;
				GCC_WARN_ABOUT_RETURN_TYPE = YES_ERROR;
				GCC_WARN_UNDECLARED_SELECTOR = YES;
				GCC_WARN_UNINITIALIZED_AUTOS = YES_AGGRESSIVE;
				GCC_WARN_UNUSED_FUNCTION = YES;
				GCC_WARN_UNUSED_VARIABLE = YES;
				IPHONEOS_DEPLOYMENT_TARGET = 12.1;
				MTL_ENABLE_DEBUG_INFO = INCLUDE_SOURCE;
				MTL_FAST_MATH = YES;
				ONLY_ACTIVE_ARCH = YES;
				SDKROOT = iphoneos;
				SWIFT_ACTIVE_COMPILATION_CONDITIONS = DEBUG;
				SWIFT_OPTIMIZATION_LEVEL = "-Onone";
			};
			name = Debug;
		};
		07E7F61E21CCE1BF00081E0D /* Release */ = {
			isa = XCBuildConfiguration;
			buildSettings = {
				ALWAYS_SEARCH_USER_PATHS = NO;
				CLANG_ANALYZER_NONNULL = YES;
				CLANG_ANALYZER_NUMBER_OBJECT_CONVERSION = YES_AGGRESSIVE;
				CLANG_CXX_LANGUAGE_STANDARD = "gnu++14";
				CLANG_CXX_LIBRARY = "libc++";
				CLANG_ENABLE_MODULES = YES;
				CLANG_ENABLE_OBJC_ARC = YES;
				CLANG_ENABLE_OBJC_WEAK = YES;
				CLANG_WARN_BLOCK_CAPTURE_AUTORELEASING = YES;
				CLANG_WARN_BOOL_CONVERSION = YES;
				CLANG_WARN_COMMA = YES;
				CLANG_WARN_CONSTANT_CONVERSION = YES;
				CLANG_WARN_DEPRECATED_OBJC_IMPLEMENTATIONS = YES;
				CLANG_WARN_DIRECT_OBJC_ISA_USAGE = YES_ERROR;
				CLANG_WARN_DOCUMENTATION_COMMENTS = YES;
				CLANG_WARN_EMPTY_BODY = YES;
				CLANG_WARN_ENUM_CONVERSION = YES;
				CLANG_WARN_INFINITE_RECURSION = YES;
				CLANG_WARN_INT_CONVERSION = YES;
				CLANG_WARN_NON_LITERAL_NULL_CONVERSION = YES;
				CLANG_WARN_OBJC_IMPLICIT_RETAIN_SELF = YES;
				CLANG_WARN_OBJC_LITERAL_CONVERSION = YES;
				CLANG_WARN_OBJC_ROOT_CLASS = YES_ERROR;
				CLANG_WARN_RANGE_LOOP_ANALYSIS = YES;
				CLANG_WARN_STRICT_PROTOTYPES = YES;
				CLANG_WARN_SUSPICIOUS_MOVE = YES;
				CLANG_WARN_UNGUARDED_AVAILABILITY = YES_AGGRESSIVE;
				CLANG_WARN_UNREACHABLE_CODE = YES;
				CLANG_WARN__DUPLICATE_METHOD_MATCH = YES;
				CODE_SIGN_IDENTITY = "iPhone Developer";
				COPY_PHASE_STRIP = NO;
				DEBUG_INFORMATION_FORMAT = "dwarf-with-dsym";
				ENABLE_NS_ASSERTIONS = NO;
				ENABLE_STRICT_OBJC_MSGSEND = YES;
				GCC_C_LANGUAGE_STANDARD = gnu11;
				GCC_NO_COMMON_BLOCKS = YES;
				GCC_WARN_64_TO_32_BIT_CONVERSION = YES;
				GCC_WARN_ABOUT_RETURN_TYPE = YES_ERROR;
				GCC_WARN_UNDECLARED_SELECTOR = YES;
				GCC_WARN_UNINITIALIZED_AUTOS = YES_AGGRESSIVE;
				GCC_WARN_UNUSED_FUNCTION = YES;
				GCC_WARN_UNUSED_VARIABLE = YES;
				IPHONEOS_DEPLOYMENT_TARGET = 12.1;
				MTL_ENABLE_DEBUG_INFO = NO;
				MTL_FAST_MATH = YES;
				SDKROOT = iphoneos;
				SWIFT_COMPILATION_MODE = wholemodule;
				SWIFT_OPTIMIZATION_LEVEL = "-O";
				VALIDATE_PRODUCT = YES;
			};
			name = Release;
		};
		07E7F62021CCE1BF00081E0D /* Debug */ = {
			isa = XCBuildConfiguration;
			buildSettings = {
				ASSETCATALOG_COMPILER_APPICON_NAME = AppIcon;
				CODE_SIGN_STYLE = Automatic;
				DEVELOPMENT_TEAM = Z23YQJ49WW;
				INFOPLIST_FILE = temo/Info.plist;
				LD_RUNPATH_SEARCH_PATHS = (
					"$(inherited)",
					"@executable_path/Frameworks",
				);
				PRODUCT_BUNDLE_IDENTIFIER = ymgn.temo;
				PRODUCT_NAME = "$(TARGET_NAME)";
				SWIFT_VERSION = 4.2;
				TARGETED_DEVICE_FAMILY = "1,2";
			};
			name = Debug;
		};
		07E7F62121CCE1BF00081E0D /* Release */ = {
			isa = XCBuildConfiguration;
			buildSettings = {
				ASSETCATALOG_COMPILER_APPICON_NAME = AppIcon;
				CODE_SIGN_STYLE = Automatic;
				DEVELOPMENT_TEAM = Z23YQJ49WW;
				INFOPLIST_FILE = temo/Info.plist;
				LD_RUNPATH_SEARCH_PATHS = (
					"$(inherited)",
					"@executable_path/Frameworks",
				);
				PRODUCT_BUNDLE_IDENTIFIER = ymgn.temo;
				PRODUCT_NAME = "$(TARGET_NAME)";
				SWIFT_VERSION = 4.2;
				TARGETED_DEVICE_FAMILY = "1,2";
			};
			name = Release;
		};
		07E7F62321CCE1BF00081E0D /* Debug */ = {
			isa = XCBuildConfiguration;
			buildSettings = {
				ALWAYS_EMBED_SWIFT_STANDARD_LIBRARIES = YES;
				BUNDLE_LOADER = "$(TEST_HOST)";
				CODE_SIGN_STYLE = Automatic;
				DEVELOPMENT_TEAM = Z23YQJ49WW;
				INFOPLIST_FILE = temoTests/Info.plist;
				LD_RUNPATH_SEARCH_PATHS = (
					"$(inherited)",
					"@executable_path/Frameworks",
					"@loader_path/Frameworks",
				);
				PRODUCT_BUNDLE_IDENTIFIER = ymgn.temoTests;
				PRODUCT_NAME = "$(TARGET_NAME)";
				SWIFT_VERSION = 4.2;
				TARGETED_DEVICE_FAMILY = "1,2";
				TEST_HOST = "$(BUILT_PRODUCTS_DIR)/temo.app/temo";
			};
			name = Debug;
		};
		07E7F62421CCE1BF00081E0D /* Release */ = {
			isa = XCBuildConfiguration;
			buildSettings = {
				ALWAYS_EMBED_SWIFT_STANDARD_LIBRARIES = YES;
				BUNDLE_LOADER = "$(TEST_HOST)";
				CODE_SIGN_STYLE = Automatic;
				DEVELOPMENT_TEAM = Z23YQJ49WW;
				INFOPLIST_FILE = temoTests/Info.plist;
				LD_RUNPATH_SEARCH_PATHS = (
					"$(inherited)",
					"@executable_path/Frameworks",
					"@loader_path/Frameworks",
				);
				PRODUCT_BUNDLE_IDENTIFIER = ymgn.temoTests;
				PRODUCT_NAME = "$(TARGET_NAME)";
				SWIFT_VERSION = 4.2;
				TARGETED_DEVICE_FAMILY = "1,2";
				TEST_HOST = "$(BUILT_PRODUCTS_DIR)/temo.app/temo";
			};
			name = Release;
		};
		07E7F62621CCE1BF00081E0D /* Debug */ = {
			isa = XCBuildConfiguration;
			buildSettings = {
				ALWAYS_EMBED_SWIFT_STANDARD_LIBRARIES = YES;
				CODE_SIGN_STYLE = Automatic;
				DEVELOPMENT_TEAM = Z23YQJ49WW;
				INFOPLIST_FILE = temoUITests/Info.plist;
				LD_RUNPATH_SEARCH_PATHS = (
					"$(inherited)",
					"@executable_path/Frameworks",
					"@loader_path/Frameworks",
				);
				PRODUCT_BUNDLE_IDENTIFIER = ymgn.temoUITests;
				PRODUCT_NAME = "$(TARGET_NAME)";
				SWIFT_VERSION = 4.2;
				TARGETED_DEVICE_FAMILY = "1,2";
				TEST_TARGET_NAME = temo;
			};
			name = Debug;
		};
		07E7F62721CCE1BF00081E0D /* Release */ = {
			isa = XCBuildConfiguration;
			buildSettings = {
				ALWAYS_EMBED_SWIFT_STANDARD_LIBRARIES = YES;
				CODE_SIGN_STYLE = Automatic;
				DEVELOPMENT_TEAM = Z23YQJ49WW;
				INFOPLIST_FILE = temoUITests/Info.plist;
				LD_RUNPATH_SEARCH_PATHS = (
					"$(inherited)",
					"@executable_path/Frameworks",
					"@loader_path/Frameworks",
				);
				PRODUCT_BUNDLE_IDENTIFIER = ymgn.temoUITests;
				PRODUCT_NAME = "$(TARGET_NAME)";
				SWIFT_VERSION = 4.2;
				TARGETED_DEVICE_FAMILY = "1,2";
				TEST_TARGET_NAME = temo;
			};
			name = Release;
		};
/* End XCBuildConfiguration section */

/* Begin XCConfigurationList section */
		07E7F5F221CCE1BD00081E0D /* Build configuration list for PBXProject "temo" */ = {
			isa = XCConfigurationList;
			buildConfigurations = (
				07E7F61D21CCE1BF00081E0D /* Debug */,
				07E7F61E21CCE1BF00081E0D /* Release */,
			);
			defaultConfigurationIsVisible = 0;
			defaultConfigurationName = Release;
		};
		07E7F61F21CCE1BF00081E0D /* Build configuration list for PBXNativeTarget "temo" */ = {
			isa = XCConfigurationList;
			buildConfigurations = (
				07E7F62021CCE1BF00081E0D /* Debug */,
				07E7F62121CCE1BF00081E0D /* Release */,
			);
			defaultConfigurationIsVisible = 0;
			defaultConfigurationName = Release;
		};
		07E7F62221CCE1BF00081E0D /* Build configuration list for PBXNativeTarget "temoTests" */ = {
			isa = XCConfigurationList;
			buildConfigurations = (
				07E7F62321CCE1BF00081E0D /* Debug */,
				07E7F62421CCE1BF00081E0D /* Release */,
			);
			defaultConfigurationIsVisible = 0;
			defaultConfigurationName = Release;
		};
		07E7F62521CCE1BF00081E0D /* Build configuration list for PBXNativeTarget "temoUITests" */ = {
			isa = XCConfigurationList;
			buildConfigurations = (
				07E7F62621CCE1BF00081E0D /* Debug */,
				07E7F62721CCE1BF00081E0D /* Release */,
			);
			defaultConfigurationIsVisible = 0;
			defaultConfigurationName = Release;
		};
/* End XCConfigurationList section */
	};
	rootObject = 07E7F5EF21CCE1BD00081E0D /* Project object */;
}
